dependencies:
- name: postgresql
  repository: oci://registry-1.docker.io/bitnamicharts
  version: 16.7.27
- name: redis
  repository: oci://registry-1.docker.io/bitnamicharts
  version: 18.19.4
- name: common
  repository: oci://registry-1.docker.io/bitnamicharts
  version: 2.31.4
digest: sha256:d95431ee3bfee9c12ab548a1f817bbd4e1d26e3d97bd0c06dc2eca373ed17f26
generated: "2025-09-30T14:17:18.596403-04:00"
